set_global_assignment -name DEVICE EP1S80F1508C6
set_global_assignment -name FAMILY Stratix
set_global_assignment -name INI_VARS "qatm_force_vqm=on;vqmo_gen_svgx_vqm=on"
set_global_assignment -name TOP_LEVEL_ENTITY TOP1
set_global_assignment -name PROJECT_OUTPUT_DIRECTORY "C:/Users/Fangr/OneDrive/Desktop/02/hdmi_sdram_1024x600_60Hz.runs/synth_1"
set_global_assignment -name PROJECT_CREATION_TIME_DATE "2026-04-25 20:12:15"
set_global_assignment -name VERILOG_FILE "C:/Users/Fangr/OneDrive/Desktop/02/hdmi_sdram_1024x600_60Hz.srcs/sources_1/SDRAM/sdram_ctrl.v"
set_global_assignment -name VERILOG_FILE "C:/Users/Fangr/OneDrive/Desktop/02/hdmi_sdram_1024x600_60Hz.srcs/sources_1/SDRAM/fifo_ctrl.v"
set_global_assignment -name VERILOG_FILE "C:/Users/Fangr/OneDrive/Desktop/02/hdmi_sdram_1024x600_60Hz.srcs/sources_1/clk_gen/clk_gen.v"
set_global_assignment -name VERILOG_FILE "C:/Users/Fangr/OneDrive/Desktop/02/hdmi_sdram_1024x600_60Hz.srcs/sources_1/hdmi/video_driver.v"
set_global_assignment -name VERILOG_FILE "C:/Users/Fangr/OneDrive/Desktop/02/hdmi_sdram_1024x600_60Hz.srcs/sources_1/ov5640/ov5640_top.v"
set_global_assignment -name VERILOG_FILE "C:/Users/Fangr/OneDrive/Desktop/02/hdmi_sdram_1024x600_60Hz.srcs/sources_1/TOP1.v"
set_global_assignment -name VERILOG_FILE "C:/Users/Fangr/OneDrive/Desktop/02/hdmi_sdram_1024x600_60Hz.srcs/sources_1/clk_gen2/clk_gen2.v"
set_global_assignment -name VERILOG_FILE "C:/Users/Fangr/OneDrive/Desktop/02/hdmi_sdram_1024x600_60Hz.srcs/sources_1/hdmi/i2c_dri.v"
set_global_assignment -name VERILOG_FILE "C:/Users/Fangr/OneDrive/Desktop/02/hdmi_sdram_1024x600_60Hz.srcs/sources_1/fifo_data/fifo_data.v"
set_global_assignment -name VERILOG_FILE "C:/Users/Fangr/OneDrive/Desktop/02/hdmi_sdram_1024x600_60Hz.srcs/sources_1/ov5640/ov5640_data.v"
set_global_assignment -name VERILOG_FILE "C:/Users/Fangr/OneDrive/Desktop/02/hdmi_sdram_1024x600_60Hz.srcs/sources_1/debug/uart_diag_mux.v"
set_global_assignment -name VERILOG_FILE "C:/Users/Fangr/OneDrive/Desktop/02/hdmi_sdram_1024x600_60Hz.srcs/sources_1/hdmi/i2c_sil9134_hdmi_cfg.v"
set_global_assignment -name VERILOG_FILE "C:/Users/Fangr/OneDrive/Desktop/02/hdmi_sdram_1024x600_60Hz.srcs/sources_1/SDRAM/sdram_init.v"
set_global_assignment -name VERILOG_FILE "C:/Users/Fangr/OneDrive/Desktop/02/hdmi_sdram_1024x600_60Hz.srcs/sources_1/SDRAM/sdram_a_ref.v"
set_global_assignment -name VERILOG_FILE "C:/Users/Fangr/OneDrive/Desktop/02/hdmi_sdram_1024x600_60Hz.srcs/sources_1/SDRAM/sdram_top.v"
set_global_assignment -name VERILOG_FILE "C:/Users/Fangr/OneDrive/Desktop/02/hdmi_sdram_1024x600_60Hz.srcs/sources_1/SDRAM/sdram_read.v"
set_global_assignment -name VERILOG_FILE "C:/Users/Fangr/OneDrive/Desktop/02/hdmi_sdram_1024x600_60Hz.srcs/sources_1/SDRAM/sdram_write.v"
set_global_assignment -name VERILOG_FILE "C:/Users/Fangr/OneDrive/Desktop/02/hdmi_sdram_1024x600_60Hz.srcs/sources_1/SDRAM/sdram_arbit.v"
set_global_assignment -name VERILOG_FILE "C:/Users/Fangr/OneDrive/Desktop/02/hdmi_sdram_1024x600_60Hz.srcs/sources_1/hdmi/sccb_master.v"
set_global_assignment -name VERILOG_FILE "C:/Users/Fangr/OneDrive/Desktop/02/hdmi_sdram_1024x600_60Hz.srcs/sources_1/hdmi/sii9134_ctrl.v"
set_global_assignment -name VERILOG_FILE "C:/Users/Fangr/OneDrive/Desktop/02/hdmi_sdram_1024x600_60Hz.srcs/sources_1/hdmi/sil9134_dri.v"
set_global_assignment -name VERILOG_FILE "C:/Users/Fangr/OneDrive/Desktop/02/hdmi_sdram_1024x600_60Hz.srcs/sources_1/ov5640/ov5640_cfg.v"
set_global_assignment -name VERILOG_FILE "C:/Users/Fangr/OneDrive/Desktop/02/hdmi_sdram_1024x600_60Hz.srcs/sources_1/debug/uart_tx.v"
set_global_assignment -name VERILOG_FILE "C:/Users/Fangr/OneDrive/Desktop/02/hdmi_sdram_1024x600_60Hz.srcs/sources_1/ov5640/i2c_ctrl.v"
set_global_assignment -name AUTO_MERGE_PLLS OFF
set_global_assignment -name AUTO_RAM_RECOGNITION ON
set_global_assignment -name AUTO_ROM_RECOGNITION ON
set_global_assignment -name DSP_BLOCK_BALANCING AUTO
set_global_assignment -name STRATIX_OPTIMIZATION_TECHNIQUE BALANCED
set_global_assignment -name VERILOG_INPUT_VERSION VERILOG_2001

set_global_assignment -name LAST_QUARTUS_VERSION "13.0 SP1"